
Microsoft Visual Studio Solution File, Format Version 12.00
# Visual Studio Version 16
VisualStudioVersion = 16.0.30611.23
MinimumVisualStudioVersion = 10.0.40219.1
Project("{FAE04EC0-301F-11D3-BF4B-00C04F79EFBC}") = "FormTextBox", "FormTextBox\FormTextBox.csproj", "{D8E612BF-B426-4013-A598-204A719FED3F}"
EndProject
Project("{FAE04EC0-301F-11D3-BF4B-00C04F79EFBC}") = "VlaknaFormCas", "VlaknaFormCas\VlaknaFormCas.csproj", "{2C916393-4E89-4112-8D2E-E059F14F7DC0}"
EndProject
Project("{FAE04EC0-301F-11D3-BF4B-00C04F79EFBC}") = "VlaknaTrideni", "VlaknaTrideni\VlaknaTrideni.csproj", "{EDE8368B-D44E-4708-AC46-573047917FDC}"
EndProject
Global
	GlobalSection(SolutionConfigurationPlatforms) = preSolution
		Debug|Any CPU = Debug|Any CPU
		Release|Any CPU = Release|Any CPU
	EndGlobalSection
	GlobalSection(ProjectConfigurationPlatforms) = postSolution
		{D8E612BF-B426-4013-A598-204A719FED3F}.Debug|Any CPU.ActiveCfg = Debug|Any CPU
		{D8E612BF-B426-4013-A598-204A719FED3F}.Debug|Any CPU.Build.0 = Debug|Any CPU
		{D8E612BF-B426-4013-A598-204A719FED3F}.Release|Any CPU.ActiveCfg = Release|Any CPU
		{D8E612BF-B426-4013-A598-204A719FED3F}.Release|Any CPU.Build.0 = Release|Any CPU
		{2C916393-4E89-4112-8D2E-E059F14F7DC0}.Debug|Any CPU.ActiveCfg = Debug|Any CPU
		{2C916393-4E89-4112-8D2E-E059F14F7DC0}.Debug|Any CPU.Build.0 = Debug|Any CPU
		{2C916393-4E89-4112-8D2E-E059F14F7DC0}.Release|Any CPU.ActiveCfg = Release|Any CPU
		{2C916393-4E89-4112-8D2E-E059F14F7DC0}.Release|Any CPU.Build.0 = Release|Any CPU
		{EDE8368B-D44E-4708-AC46-573047917FDC}.Debug|Any CPU.ActiveCfg = Debug|Any CPU
		{EDE8368B-D44E-4708-AC46-573047917FDC}.Debug|Any CPU.Build.0 = Debug|Any CPU
		{EDE8368B-D44E-4708-AC46-573047917FDC}.Release|Any CPU.ActiveCfg = Release|Any CPU
		{EDE8368B-D44E-4708-AC46-573047917FDC}.Release|Any CPU.Build.0 = Release|Any CPU
	EndGlobalSection
	GlobalSection(SolutionProperties) = preSolution
		HideSolutionNode = FALSE
	EndGlobalSection
	GlobalSection(ExtensibilityGlobals) = postSolution
		SolutionGuid = {8BCAF120-F7F3-4AC4-99AA-1EA4025B45CA}
	EndGlobalSection
EndGlobal
